
Microsoft Visual Studio Solution File, Format Version 12.00
# Visual Studio 2012
Project("{FAE04EC0-301F-11D3-BF4B-00C04F79EFBC}") = "Vegetoo", "Vegetoo\Vegetoo.csproj", "{B5896973-146E-4323-9847-A44EFA7B2B03}"
EndProject
Project("{FAE04EC0-301F-11D3-BF4B-00C04F79EFBC}") = "Vegetoo.iOS", "iOS\Vegetoo.iOS.csproj", "{84874365-97BE-435E-85C6-131E72B22B26}"
EndProject
Project("{FAE04EC0-301F-11D3-BF4B-00C04F79EFBC}") = "Vegetoo.Droid", "Droid\Vegetoo.Droid.csproj", "{99CB9F09-5EA0-4C67-9CD5-00D16FD183DD}"
EndProject
Global
	GlobalSection(SolutionConfigurationPlatforms) = preSolution
		Debug|Any CPU = Debug|Any CPU
		Release|Any CPU = Release|Any CPU
		Debug|iPhoneSimulator = Debug|iPhoneSimulator
		Release|iPhone = Release|iPhone
		Release|iPhoneSimulator = Release|iPhoneSimulator
		Debug|iPhone = Debug|iPhone
	EndGlobalSection
	GlobalSection(ProjectConfigurationPlatforms) = postSolution
		{84874365-97BE-435E-85C6-131E72B22B26}.Debug|Any CPU.ActiveCfg = Debug|iPhoneSimulator
		{84874365-97BE-435E-85C6-131E72B22B26}.Debug|Any CPU.Build.0 = Debug|iPhoneSimulator
		{84874365-97BE-435E-85C6-131E72B22B26}.Debug|iPhone.ActiveCfg = Debug|iPhone
		{84874365-97BE-435E-85C6-131E72B22B26}.Debug|iPhone.Build.0 = Debug|iPhone
		{84874365-97BE-435E-85C6-131E72B22B26}.Debug|iPhoneSimulator.ActiveCfg = Debug|iPhoneSimulator
		{84874365-97BE-435E-85C6-131E72B22B26}.Debug|iPhoneSimulator.Build.0 = Debug|iPhoneSimulator
		{84874365-97BE-435E-85C6-131E72B22B26}.Release|Any CPU.ActiveCfg = Release|iPhone
		{84874365-97BE-435E-85C6-131E72B22B26}.Release|Any CPU.Build.0 = Release|iPhone
		{84874365-97BE-435E-85C6-131E72B22B26}.Release|iPhone.ActiveCfg = Release|iPhone
		{84874365-97BE-435E-85C6-131E72B22B26}.Release|iPhone.Build.0 = Release|iPhone
		{84874365-97BE-435E-85C6-131E72B22B26}.Release|iPhoneSimulator.ActiveCfg = Release|iPhoneSimulator
		{84874365-97BE-435E-85C6-131E72B22B26}.Release|iPhoneSimulator.Build.0 = Release|iPhoneSimulator
		{99CB9F09-5EA0-4C67-9CD5-00D16FD183DD}.Debug|Any CPU.ActiveCfg = Debug|Any CPU
		{99CB9F09-5EA0-4C67-9CD5-00D16FD183DD}.Debug|Any CPU.Build.0 = Debug|Any CPU
		{99CB9F09-5EA0-4C67-9CD5-00D16FD183DD}.Debug|iPhone.ActiveCfg = Debug|Any CPU
		{99CB9F09-5EA0-4C67-9CD5-00D16FD183DD}.Debug|iPhone.Build.0 = Debug|Any CPU
		{99CB9F09-5EA0-4C67-9CD5-00D16FD183DD}.Debug|iPhoneSimulator.ActiveCfg = Debug|Any CPU
		{99CB9F09-5EA0-4C67-9CD5-00D16FD183DD}.Debug|iPhoneSimulator.Build.0 = Debug|Any CPU
		{99CB9F09-5EA0-4C67-9CD5-00D16FD183DD}.Release|Any CPU.ActiveCfg = Release|Any CPU
		{99CB9F09-5EA0-4C67-9CD5-00D16FD183DD}.Release|Any CPU.Build.0 = Release|Any CPU
		{99CB9F09-5EA0-4C67-9CD5-00D16FD183DD}.Release|iPhone.ActiveCfg = Release|Any CPU
		{99CB9F09-5EA0-4C67-9CD5-00D16FD183DD}.Release|iPhone.Build.0 = Release|Any CPU
		{99CB9F09-5EA0-4C67-9CD5-00D16FD183DD}.Release|iPhoneSimulator.ActiveCfg = Release|Any CPU
		{99CB9F09-5EA0-4C67-9CD5-00D16FD183DD}.Release|iPhoneSimulator.Build.0 = Release|Any CPU
		{B5896973-146E-4323-9847-A44EFA7B2B03}.Debug|Any CPU.ActiveCfg = Debug|Any CPU
		{B5896973-146E-4323-9847-A44EFA7B2B03}.Debug|Any CPU.Build.0 = Debug|Any CPU
		{B5896973-146E-4323-9847-A44EFA7B2B03}.Debug|iPhone.ActiveCfg = Debug|Any CPU
		{B5896973-146E-4323-9847-A44EFA7B2B03}.Debug|iPhone.Build.0 = Debug|Any CPU
		{B5896973-146E-4323-9847-A44EFA7B2B03}.Debug|iPhoneSimulator.ActiveCfg = Debug|Any CPU
		{B5896973-146E-4323-9847-A44EFA7B2B03}.Debug|iPhoneSimulator.Build.0 = Debug|Any CPU
		{B5896973-146E-4323-9847-A44EFA7B2B03}.Release|Any CPU.ActiveCfg = Release|Any CPU
		{B5896973-146E-4323-9847-A44EFA7B2B03}.Release|Any CPU.Build.0 = Release|Any CPU
		{B5896973-146E-4323-9847-A44EFA7B2B03}.Release|iPhone.ActiveCfg = Release|Any CPU
		{B5896973-146E-4323-9847-A44EFA7B2B03}.Release|iPhone.Build.0 = Release|Any CPU
		{B5896973-146E-4323-9847-A44EFA7B2B03}.Release|iPhoneSimulator.ActiveCfg = Release|Any CPU
		{B5896973-146E-4323-9847-A44EFA7B2B03}.Release|iPhoneSimulator.Build.0 = Release|Any CPU
	EndGlobalSection
EndGlobal
